
Microsoft Visual Studio Solution File, Format Version 12.00
# Visual Studio Version 16
VisualStudioVersion = 16.0.32510.428
MinimumVisualStudioVersion = 10.0.40219.1
Project("{8BC9CEB8-8B4A-11D0-8D11-00A0C91BC942}") = "NuJee EMF v4 Printer Driver", "NuJee EMF v4 Printer Driver.vcxproj", "{93C01706-B6F1-4A6F-92A1-5826B44483AC}"
EndProject
Project("{8BC9CEB8-8B4A-11D0-8D11-00A0C91BC942}") = "NuJee EMF v4 Printer Driver Render Filter", "..\NuJee EMF v4 Printer Driver Render Filter\NuJee EMF v4 Printer Driver Render Filter.vcxproj", "{413EA3A5-33AE-4046-A7CB-DA77ACABEA94}"
EndProject
Project("{FAE04EC0-301F-11D3-BF4B-00C04F79EFBC}") = "PrinterExtensionLibrary", "..\PrinterExtensionSample\PrinterExtensionLibrary\PrinterExtensionLibrary.csproj", "{D8DA0C4D-F972-4546-9068-8EB256F222F7}"
EndProject
Project("{FAE04EC0-301F-11D3-BF4B-00C04F79EFBC}") = "PrinterExtensionSample", "..\PrinterExtensionSample\ExtensionSample\PrinterExtensionSample.csproj", "{CF554A99-6889-4B86-934F-B6AADBFEFC01}"
EndProject
Global
	GlobalSection(SolutionConfigurationPlatforms) = preSolution
		Debug|Any CPU = Debug|Any CPU
		Debug|ARM64 = Debug|ARM64
		Debug|x64 = Debug|x64
		Debug|x86 = Debug|x86
		Release|Any CPU = Release|Any CPU
		Release|ARM64 = Release|ARM64
		Release|x64 = Release|x64
		Release|x86 = Release|x86
		Win10 Debug|Any CPU = Win10 Debug|Any CPU
		Win10 Debug|ARM64 = Win10 Debug|ARM64
		Win10 Debug|x64 = Win10 Debug|x64
		Win10 Debug|x86 = Win10 Debug|x86
		Win10 Release|Any CPU = Win10 Release|Any CPU
		Win10 Release|ARM64 = Win10 Release|ARM64
		Win10 Release|x64 = Win10 Release|x64
		Win10 Release|x86 = Win10 Release|x86
		Win8 Debug|Any CPU = Win8 Debug|Any CPU
		Win8 Debug|ARM64 = Win8 Debug|ARM64
		Win8 Debug|x64 = Win8 Debug|x64
		Win8 Debug|x86 = Win8 Debug|x86
		Win8 Release|Any CPU = Win8 Release|Any CPU
		Win8 Release|ARM64 = Win8 Release|ARM64
		Win8 Release|x64 = Win8 Release|x64
		Win8 Release|x86 = Win8 Release|x86
		Win8.1 Debug|Any CPU = Win8.1 Debug|Any CPU
		Win8.1 Debug|ARM64 = Win8.1 Debug|ARM64
		Win8.1 Debug|x64 = Win8.1 Debug|x64
		Win8.1 Debug|x86 = Win8.1 Debug|x86
		Win8.1 Release|Any CPU = Win8.1 Release|Any CPU
		Win8.1 Release|ARM64 = Win8.1 Release|ARM64
		Win8.1 Release|x64 = Win8.1 Release|x64
		Win8.1 Release|x86 = Win8.1 Release|x86
	EndGlobalSection
	GlobalSection(ProjectConfigurationPlatforms) = postSolution
		{93C01706-B6F1-4A6F-92A1-5826B44483AC}.Debug|Any CPU.ActiveCfg = Debug|Win32
		{93C01706-B6F1-4A6F-92A1-5826B44483AC}.Debug|ARM64.ActiveCfg = Debug|ARM64
		{93C01706-B6F1-4A6F-92A1-5826B44483AC}.Debug|ARM64.Build.0 = Debug|ARM64
		{93C01706-B6F1-4A6F-92A1-5826B44483AC}.Debug|ARM64.Deploy.0 = Debug|ARM64
		{93C01706-B6F1-4A6F-92A1-5826B44483AC}.Debug|x64.ActiveCfg = Debug|x64
		{93C01706-B6F1-4A6F-92A1-5826B44483AC}.Debug|x64.Build.0 = Debug|x64
		{93C01706-B6F1-4A6F-92A1-5826B44483AC}.Debug|x64.Deploy.0 = Debug|x64
		{93C01706-B6F1-4A6F-92A1-5826B44483AC}.Debug|x86.ActiveCfg = Debug|Win32
		{93C01706-B6F1-4A6F-92A1-5826B44483AC}.Debug|x86.Build.0 = Debug|Win32
		{93C01706-B6F1-4A6F-92A1-5826B44483AC}.Debug|x86.Deploy.0 = Debug|Win32
		{93C01706-B6F1-4A6F-92A1-5826B44483AC}.Release|Any CPU.ActiveCfg = Release|Win32
		{93C01706-B6F1-4A6F-92A1-5826B44483AC}.Release|ARM64.ActiveCfg = Release|ARM64
		{93C01706-B6F1-4A6F-92A1-5826B44483AC}.Release|ARM64.Build.0 = Release|ARM64
		{93C01706-B6F1-4A6F-92A1-5826B44483AC}.Release|ARM64.Deploy.0 = Release|ARM64
		{93C01706-B6F1-4A6F-92A1-5826B44483AC}.Release|x64.ActiveCfg = Release|x64
		{93C01706-B6F1-4A6F-92A1-5826B44483AC}.Release|x64.Build.0 = Release|x64
		{93C01706-B6F1-4A6F-92A1-5826B44483AC}.Release|x64.Deploy.0 = Release|x64
		{93C01706-B6F1-4A6F-92A1-5826B44483AC}.Release|x86.ActiveCfg = Release|Win32
		{93C01706-B6F1-4A6F-92A1-5826B44483AC}.Release|x86.Build.0 = Release|Win32
		{93C01706-B6F1-4A6F-92A1-5826B44483AC}.Release|x86.Deploy.0 = Release|Win32
		{93C01706-B6F1-4A6F-92A1-5826B44483AC}.Win10 Debug|Any CPU.ActiveCfg = Release|x64
		{93C01706-B6F1-4A6F-92A1-5826B44483AC}.Win10 Debug|Any CPU.Build.0 = Release|x64
		{93C01706-B6F1-4A6F-92A1-5826B44483AC}.Win10 Debug|Any CPU.Deploy.0 = Release|x64
		{93C01706-B6F1-4A6F-92A1-5826B44483AC}.Win10 Debug|ARM64.ActiveCfg = Debug|ARM64
		{93C01706-B6F1-4A6F-92A1-5826B44483AC}.Win10 Debug|ARM64.Build.0 = Debug|ARM64
		{93C01706-B6F1-4A6F-92A1-5826B44483AC}.Win10 Debug|ARM64.Deploy.0 = Debug|ARM64
		{93C01706-B6F1-4A6F-92A1-5826B44483AC}.Win10 Debug|x64.ActiveCfg = Debug|x64
		{93C01706-B6F1-4A6F-92A1-5826B44483AC}.Win10 Debug|x64.Build.0 = Debug|x64
		{93C01706-B6F1-4A6F-92A1-5826B44483AC}.Win10 Debug|x64.Deploy.0 = Debug|x64
		{93C01706-B6F1-4A6F-92A1-5826B44483AC}.Win10 Debug|x86.ActiveCfg = Debug|Win32
		{93C01706-B6F1-4A6F-92A1-5826B44483AC}.Win10 Debug|x86.Build.0 = Debug|Win32
		{93C01706-B6F1-4A6F-92A1-5826B44483AC}.Win10 Debug|x86.Deploy.0 = Debug|Win32
		{93C01706-B6F1-4A6F-92A1-5826B44483AC}.Win10 Release|Any CPU.ActiveCfg = Release|x64
		{93C01706-B6F1-4A6F-92A1-5826B44483AC}.Win10 Release|Any CPU.Build.0 = Release|x64
		{93C01706-B6F1-4A6F-92A1-5826B44483AC}.Win10 Release|Any CPU.Deploy.0 = Release|x64
		{93C01706-B6F1-4A6F-92A1-5826B44483AC}.Win10 Release|ARM64.ActiveCfg = Release|ARM64
		{93C01706-B6F1-4A6F-92A1-5826B44483AC}.Win10 Release|ARM64.Build.0 = Release|ARM64
		{93C01706-B6F1-4A6F-92A1-5826B44483AC}.Win10 Release|ARM64.Deploy.0 = Release|ARM64
		{93C01706-B6F1-4A6F-92A1-5826B44483AC}.Win10 Release|x64.ActiveCfg = Release|x64
		{93C01706-B6F1-4A6F-92A1-5826B44483AC}.Win10 Release|x64.Build.0 = Release|x64
		{93C01706-B6F1-4A6F-92A1-5826B44483AC}.Win10 Release|x64.Deploy.0 = Release|x64
		{93C01706-B6F1-4A6F-92A1-5826B44483AC}.Win10 Release|x86.ActiveCfg = Release|Win32
		{93C01706-B6F1-4A6F-92A1-5826B44483AC}.Win10 Release|x86.Build.0 = Release|Win32
		{93C01706-B6F1-4A6F-92A1-5826B44483AC}.Win10 Release|x86.Deploy.0 = Release|Win32
		{93C01706-B6F1-4A6F-92A1-5826B44483AC}.Win8 Debug|Any CPU.ActiveCfg = Release|x64
		{93C01706-B6F1-4A6F-92A1-5826B44483AC}.Win8 Debug|Any CPU.Build.0 = Release|x64
		{93C01706-B6F1-4A6F-92A1-5826B44483AC}.Win8 Debug|Any CPU.Deploy.0 = Release|x64
		{93C01706-B6F1-4A6F-92A1-5826B44483AC}.Win8 Debug|ARM64.ActiveCfg = Debug|ARM64
		{93C01706-B6F1-4A6F-92A1-5826B44483AC}.Win8 Debug|ARM64.Build.0 = Debug|ARM64
		{93C01706-B6F1-4A6F-92A1-5826B44483AC}.Win8 Debug|ARM64.Deploy.0 = Debug|ARM64
		{93C01706-B6F1-4A6F-92A1-5826B44483AC}.Win8 Debug|x64.ActiveCfg = Debug|x64
		{93C01706-B6F1-4A6F-92A1-5826B44483AC}.Win8 Debug|x64.Build.0 = Debug|x64
		{93C01706-B6F1-4A6F-92A1-5826B44483AC}.Win8 Debug|x64.Deploy.0 = Debug|x64
		{93C01706-B6F1-4A6F-92A1-5826B44483AC}.Win8 Debug|x86.ActiveCfg = Debug|Win32
		{93C01706-B6F1-4A6F-92A1-5826B44483AC}.Win8 Debug|x86.Build.0 = Debug|Win32
		{93C01706-B6F1-4A6F-92A1-5826B44483AC}.Win8 Debug|x86.Deploy.0 = Debug|Win32
		{93C01706-B6F1-4A6F-92A1-5826B44483AC}.Win8 Release|Any CPU.ActiveCfg = Release|x64
		{93C01706-B6F1-4A6F-92A1-5826B44483AC}.Win8 Release|Any CPU.Build.0 = Release|x64
		{93C01706-B6F1-4A6F-92A1-5826B44483AC}.Win8 Release|Any CPU.Deploy.0 = Release|x64
		{93C01706-B6F1-4A6F-92A1-5826B44483AC}.Win8 Release|ARM64.ActiveCfg = Release|ARM64
		{93C01706-B6F1-4A6F-92A1-5826B44483AC}.Win8 Release|ARM64.Build.0 = Release|ARM64
		{93C01706-B6F1-4A6F-92A1-5826B44483AC}.Win8 Release|ARM64.Deploy.0 = Release|ARM64
		{93C01706-B6F1-4A6F-92A1-5826B44483AC}.Win8 Release|x64.ActiveCfg = Release|x64
		{93C01706-B6F1-4A6F-92A1-5826B44483AC}.Win8 Release|x64.Build.0 = Release|x64
		{93C01706-B6F1-4A6F-92A1-5826B44483AC}.Win8 Release|x64.Deploy.0 = Release|x64
		{93C01706-B6F1-4A6F-92A1-5826B44483AC}.Win8 Release|x86.ActiveCfg = Release|Win32
		{93C01706-B6F1-4A6F-92A1-5826B44483AC}.Win8 Release|x86.Build.0 = Release|Win32
		{93C01706-B6F1-4A6F-92A1-5826B44483AC}.Win8 Release|x86.Deploy.0 = Release|Win32
		{93C01706-B6F1-4A6F-92A1-5826B44483AC}.Win8.1 Debug|Any CPU.ActiveCfg = Release|x64
		{93C01706-B6F1-4A6F-92A1-5826B44483AC}.Win8.1 Debug|Any CPU.Build.0 = Release|x64
		{93C01706-B6F1-4A6F-92A1-5826B44483AC}.Win8.1 Debug|Any CPU.Deploy.0 = Release|x64
		{93C01706-B6F1-4A6F-92A1-5826B44483AC}.Win8.1 Debug|ARM64.ActiveCfg = Debug|ARM64
		{93C01706-B6F1-4A6F-92A1-5826B44483AC}.Win8.1 Debug|ARM64.Build.0 = Debug|ARM64
		{93C01706-B6F1-4A6F-92A1-5826B44483AC}.Win8.1 Debug|ARM64.Deploy.0 = Debug|ARM64
		{93C01706-B6F1-4A6F-92A1-5826B44483AC}.Win8.1 Debug|x64.ActiveCfg = Debug|x64
		{93C01706-B6F1-4A6F-92A1-5826B44483AC}.Win8.1 Debug|x64.Build.0 = Debug|x64
		{93C01706-B6F1-4A6F-92A1-5826B44483AC}.Win8.1 Debug|x64.Deploy.0 = Debug|x64
		{93C01706-B6F1-4A6F-92A1-5826B44483AC}.Win8.1 Debug|x86.ActiveCfg = Debug|Win32
		{93C01706-B6F1-4A6F-92A1-5826B44483AC}.Win8.1 Debug|x86.Build.0 = Debug|Win32
		{93C01706-B6F1-4A6F-92A1-5826B44483AC}.Win8.1 Debug|x86.Deploy.0 = Debug|Win32
		{93C01706-B6F1-4A6F-92A1-5826B44483AC}.Win8.1 Release|Any CPU.ActiveCfg = Release|x64
		{93C01706-B6F1-4A6F-92A1-5826B44483AC}.Win8.1 Release|Any CPU.Build.0 = Release|x64
		{93C01706-B6F1-4A6F-92A1-5826B44483AC}.Win8.1 Release|Any CPU.Deploy.0 = Release|x64
		{93C01706-B6F1-4A6F-92A1-5826B44483AC}.Win8.1 Release|ARM64.ActiveCfg = Release|ARM64
		{93C01706-B6F1-4A6F-92A1-5826B44483AC}.Win8.1 Release|ARM64.Build.0 = Release|ARM64
		{93C01706-B6F1-4A6F-92A1-5826B44483AC}.Win8.1 Release|ARM64.Deploy.0 = Release|ARM64
		{93C01706-B6F1-4A6F-92A1-5826B44483AC}.Win8.1 Release|x64.ActiveCfg = Release|x64
		{93C01706-B6F1-4A6F-92A1-5826B44483AC}.Win8.1 Release|x64.Build.0 = Release|x64
		{93C01706-B6F1-4A6F-92A1-5826B44483AC}.Win8.1 Release|x64.Deploy.0 = Release|x64
		{93C01706-B6F1-4A6F-92A1-5826B44483AC}.Win8.1 Release|x86.ActiveCfg = Release|Win32
		{93C01706-B6F1-4A6F-92A1-5826B44483AC}.Win8.1 Release|x86.Build.0 = Release|Win32
		{93C01706-B6F1-4A6F-92A1-5826B44483AC}.Win8.1 Release|x86.Deploy.0 = Release|Win32
		{413EA3A5-33AE-4046-A7CB-DA77ACABEA94}.Debug|Any CPU.ActiveCfg = Debug|Win32
		{413EA3A5-33AE-4046-A7CB-DA77ACABEA94}.Debug|ARM64.ActiveCfg = Debug|ARM64
		{413EA3A5-33AE-4046-A7CB-DA77ACABEA94}.Debug|ARM64.Build.0 = Debug|ARM64
		{413EA3A5-33AE-4046-A7CB-DA77ACABEA94}.Debug|x64.ActiveCfg = Debug|x64
		{413EA3A5-33AE-4046-A7CB-DA77ACABEA94}.Debug|x64.Build.0 = Debug|x64
		{413EA3A5-33AE-4046-A7CB-DA77ACABEA94}.Debug|x86.ActiveCfg = Debug|Win32
		{413EA3A5-33AE-4046-A7CB-DA77ACABEA94}.Debug|x86.Build.0 = Debug|Win32
		{413EA3A5-33AE-4046-A7CB-DA77ACABEA94}.Release|Any CPU.ActiveCfg = Release|Win32
		{413EA3A5-33AE-4046-A7CB-DA77ACABEA94}.Release|ARM64.ActiveCfg = Release|ARM64
		{413EA3A5-33AE-4046-A7CB-DA77ACABEA94}.Release|ARM64.Build.0 = Release|ARM64
		{413EA3A5-33AE-4046-A7CB-DA77ACABEA94}.Release|x64.ActiveCfg = Release|x64
		{413EA3A5-33AE-4046-A7CB-DA77ACABEA94}.Release|x64.Build.0 = Release|x64
		{413EA3A5-33AE-4046-A7CB-DA77ACABEA94}.Release|x86.ActiveCfg = Release|Win32
		{413EA3A5-33AE-4046-A7CB-DA77ACABEA94}.Release|x86.Build.0 = Release|Win32
		{413EA3A5-33AE-4046-A7CB-DA77ACABEA94}.Win10 Debug|Any CPU.ActiveCfg = Release|x64
		{413EA3A5-33AE-4046-A7CB-DA77ACABEA94}.Win10 Debug|Any CPU.Build.0 = Release|x64
		{413EA3A5-33AE-4046-A7CB-DA77ACABEA94}.Win10 Debug|ARM64.ActiveCfg = Debug|ARM64
		{413EA3A5-33AE-4046-A7CB-DA77ACABEA94}.Win10 Debug|ARM64.Build.0 = Debug|ARM64
		{413EA3A5-33AE-4046-A7CB-DA77ACABEA94}.Win10 Debug|x64.ActiveCfg = Debug|x64
		{413EA3A5-33AE-4046-A7CB-DA77ACABEA94}.Win10 Debug|x64.Build.0 = Debug|x64
		{413EA3A5-33AE-4046-A7CB-DA77ACABEA94}.Win10 Debug|x86.ActiveCfg = Debug|Win32
		{413EA3A5-33AE-4046-A7CB-DA77ACABEA94}.Win10 Debug|x86.Build.0 = Debug|Win32
		{413EA3A5-33AE-4046-A7CB-DA77ACABEA94}.Win10 Release|Any CPU.ActiveCfg = Release|x64
		{413EA3A5-33AE-4046-A7CB-DA77ACABEA94}.Win10 Release|Any CPU.Build.0 = Release|x64
		{413EA3A5-33AE-4046-A7CB-DA77ACABEA94}.Win10 Release|ARM64.ActiveCfg = Release|ARM64
		{413EA3A5-33AE-4046-A7CB-DA77ACABEA94}.Win10 Release|ARM64.Build.0 = Release|ARM64
		{413EA3A5-33AE-4046-A7CB-DA77ACABEA94}.Win10 Release|x64.ActiveCfg = Release|x64
		{413EA3A5-33AE-4046-A7CB-DA77ACABEA94}.Win10 Release|x64.Build.0 = Release|x64
		{413EA3A5-33AE-4046-A7CB-DA77ACABEA94}.Win10 Release|x86.ActiveCfg = Release|Win32
		{413EA3A5-33AE-4046-A7CB-DA77ACABEA94}.Win10 Release|x86.Build.0 = Release|Win32
		{413EA3A5-33AE-4046-A7CB-DA77ACABEA94}.Win8 Debug|Any CPU.ActiveCfg = Release|x64
		{413EA3A5-33AE-4046-A7CB-DA77ACABEA94}.Win8 Debug|Any CPU.Build.0 = Release|x64
		{413EA3A5-33AE-4046-A7CB-DA77ACABEA94}.Win8 Debug|ARM64.ActiveCfg = Debug|ARM64
		{413EA3A5-33AE-4046-A7CB-DA77ACABEA94}.Win8 Debug|ARM64.Build.0 = Debug|ARM64
		{413EA3A5-33AE-4046-A7CB-DA77ACABEA94}.Win8 Debug|x64.ActiveCfg = Debug|x64
		{413EA3A5-33AE-4046-A7CB-DA77ACABEA94}.Win8 Debug|x64.Build.0 = Debug|x64
		{413EA3A5-33AE-4046-A7CB-DA77ACABEA94}.Win8 Debug|x86.ActiveCfg = Debug|Win32
		{413EA3A5-33AE-4046-A7CB-DA77ACABEA94}.Win8 Debug|x86.Build.0 = Debug|Win32
		{413EA3A5-33AE-4046-A7CB-DA77ACABEA94}.Win8 Release|Any CPU.ActiveCfg = Release|x64
		{413EA3A5-33AE-4046-A7CB-DA77ACABEA94}.Win8 Release|Any CPU.Build.0 = Release|x64
		{413EA3A5-33AE-4046-A7CB-DA77ACABEA94}.Win8 Release|ARM64.ActiveCfg = Release|ARM64
		{413EA3A5-33AE-4046-A7CB-DA77ACABEA94}.Win8 Release|ARM64.Build.0 = Release|ARM64
		{413EA3A5-33AE-4046-A7CB-DA77ACABEA94}.Win8 Release|x64.ActiveCfg = Release|x64
		{413EA3A5-33AE-4046-A7CB-DA77ACABEA94}.Win8 Release|x64.Build.0 = Release|x64
		{413EA3A5-33AE-4046-A7CB-DA77ACABEA94}.Win8 Release|x86.ActiveCfg = Release|Win32
		{413EA3A5-33AE-4046-A7CB-DA77ACABEA94}.Win8 Release|x86.Build.0 = Release|Win32
		{413EA3A5-33AE-4046-A7CB-DA77ACABEA94}.Win8.1 Debug|Any CPU.ActiveCfg = Release|x64
		{413EA3A5-33AE-4046-A7CB-DA77ACABEA94}.Win8.1 Debug|Any CPU.Build.0 = Release|x64
		{413EA3A5-33AE-4046-A7CB-DA77ACABEA94}.Win8.1 Debug|ARM64.ActiveCfg = Debug|ARM64
		{413EA3A5-33AE-4046-A7CB-DA77ACABEA94}.Win8.1 Debug|ARM64.Build.0 = Debug|ARM64
		{413EA3A5-33AE-4046-A7CB-DA77ACABEA94}.Win8.1 Debug|x64.ActiveCfg = Debug|x64
		{413EA3A5-33AE-4046-A7CB-DA77ACABEA94}.Win8.1 Debug|x64.Build.0 = Debug|x64
		{413EA3A5-33AE-4046-A7CB-DA77ACABEA94}.Win8.1 Debug|x86.ActiveCfg = Debug|Win32
		{413EA3A5-33AE-4046-A7CB-DA77ACABEA94}.Win8.1 Debug|x86.Build.0 = Debug|Win32
		{413EA3A5-33AE-4046-A7CB-DA77ACABEA94}.Win8.1 Release|Any CPU.ActiveCfg = Release|x64
		{413EA3A5-33AE-4046-A7CB-DA77ACABEA94}.Win8.1 Release|Any CPU.Build.0 = Release|x64
		{413EA3A5-33AE-4046-A7CB-DA77ACABEA94}.Win8.1 Release|ARM64.ActiveCfg = Release|ARM64
		{413EA3A5-33AE-4046-A7CB-DA77ACABEA94}.Win8.1 Release|ARM64.Build.0 = Release|ARM64
		{413EA3A5-33AE-4046-A7CB-DA77ACABEA94}.Win8.1 Release|x64.ActiveCfg = Release|x64
		{413EA3A5-33AE-4046-A7CB-DA77ACABEA94}.Win8.1 Release|x64.Build.0 = Release|x64
		{413EA3A5-33AE-4046-A7CB-DA77ACABEA94}.Win8.1 Release|x86.ActiveCfg = Release|Win32
		{413EA3A5-33AE-4046-A7CB-DA77ACABEA94}.Win8.1 Release|x86.Build.0 = Release|Win32
		{D8DA0C4D-F972-4546-9068-8EB256F222F7}.Debug|Any CPU.ActiveCfg = Win8 Debug|Any CPU
		{D8DA0C4D-F972-4546-9068-8EB256F222F7}.Debug|Any CPU.Build.0 = Win8 Debug|Any CPU
		{D8DA0C4D-F972-4546-9068-8EB256F222F7}.Debug|ARM64.ActiveCfg = Win8 Debug|Any CPU
		{D8DA0C4D-F972-4546-9068-8EB256F222F7}.Debug|ARM64.Build.0 = Win8 Debug|Any CPU
		{D8DA0C4D-F972-4546-9068-8EB256F222F7}.Debug|x64.ActiveCfg = Win8 Debug|Any CPU
		{D8DA0C4D-F972-4546-9068-8EB256F222F7}.Debug|x64.Build.0 = Win8 Debug|Any CPU
		{D8DA0C4D-F972-4546-9068-8EB256F222F7}.Debug|x86.ActiveCfg = Win8 Debug|Any CPU
		{D8DA0C4D-F972-4546-9068-8EB256F222F7}.Debug|x86.Build.0 = Win8 Debug|Any CPU
		{D8DA0C4D-F972-4546-9068-8EB256F222F7}.Release|Any CPU.ActiveCfg = Win8 Release|Any CPU
		{D8DA0C4D-F972-4546-9068-8EB256F222F7}.Release|Any CPU.Build.0 = Win8 Release|Any CPU
		{D8DA0C4D-F972-4546-9068-8EB256F222F7}.Release|ARM64.ActiveCfg = Win8 Release|Any CPU
		{D8DA0C4D-F972-4546-9068-8EB256F222F7}.Release|ARM64.Build.0 = Win8 Release|Any CPU
		{D8DA0C4D-F972-4546-9068-8EB256F222F7}.Release|x64.ActiveCfg = Win8 Release|Any CPU
		{D8DA0C4D-F972-4546-9068-8EB256F222F7}.Release|x64.Build.0 = Win8 Release|Any CPU
		{D8DA0C4D-F972-4546-9068-8EB256F222F7}.Release|x86.ActiveCfg = Win8 Release|Any CPU
		{D8DA0C4D-F972-4546-9068-8EB256F222F7}.Release|x86.Build.0 = Win8 Release|Any CPU
		{D8DA0C4D-F972-4546-9068-8EB256F222F7}.Win10 Debug|Any CPU.ActiveCfg = Win10 Debug|Any CPU
		{D8DA0C4D-F972-4546-9068-8EB256F222F7}.Win10 Debug|Any CPU.Build.0 = Win10 Debug|Any CPU
		{D8DA0C4D-F972-4546-9068-8EB256F222F7}.Win10 Debug|ARM64.ActiveCfg = Win10 Debug|Any CPU
		{D8DA0C4D-F972-4546-9068-8EB256F222F7}.Win10 Debug|ARM64.Build.0 = Win10 Debug|Any CPU
		{D8DA0C4D-F972-4546-9068-8EB256F222F7}.Win10 Debug|x64.ActiveCfg = Win10 Debug|Any CPU
		{D8DA0C4D-F972-4546-9068-8EB256F222F7}.Win10 Debug|x64.Build.0 = Win10 Debug|Any CPU
		{D8DA0C4D-F972-4546-9068-8EB256F222F7}.Win10 Debug|x86.ActiveCfg = Win10 Debug|Any CPU
		{D8DA0C4D-F972-4546-9068-8EB256F222F7}.Win10 Debug|x86.Build.0 = Win10 Debug|Any CPU
		{D8DA0C4D-F972-4546-9068-8EB256F222F7}.Win10 Release|Any CPU.ActiveCfg = Win10 Release|Any CPU
		{D8DA0C4D-F972-4546-9068-8EB256F222F7}.Win10 Release|Any CPU.Build.0 = Win10 Release|Any CPU
		{D8DA0C4D-F972-4546-9068-8EB256F222F7}.Win10 Release|ARM64.ActiveCfg = Win10 Release|Any CPU
		{D8DA0C4D-F972-4546-9068-8EB256F222F7}.Win10 Release|ARM64.Build.0 = Win10 Release|Any CPU
		{D8DA0C4D-F972-4546-9068-8EB256F222F7}.Win10 Release|x64.ActiveCfg = Win10 Release|Any CPU
		{D8DA0C4D-F972-4546-9068-8EB256F222F7}.Win10 Release|x64.Build.0 = Win10 Release|Any CPU
		{D8DA0C4D-F972-4546-9068-8EB256F222F7}.Win10 Release|x86.ActiveCfg = Win10 Release|Any CPU
		{D8DA0C4D-F972-4546-9068-8EB256F222F7}.Win10 Release|x86.Build.0 = Win10 Release|Any CPU
		{D8DA0C4D-F972-4546-9068-8EB256F222F7}.Win8 Debug|Any CPU.ActiveCfg = Win8 Debug|Any CPU
		{D8DA0C4D-F972-4546-9068-8EB256F222F7}.Win8 Debug|Any CPU.Build.0 = Win8 Debug|Any CPU
		{D8DA0C4D-F972-4546-9068-8EB256F222F7}.Win8 Debug|ARM64.ActiveCfg = Win8 Debug|Any CPU
		{D8DA0C4D-F972-4546-9068-8EB256F222F7}.Win8 Debug|ARM64.Build.0 = Win8 Debug|Any CPU
		{D8DA0C4D-F972-4546-9068-8EB256F222F7}.Win8 Debug|x64.ActiveCfg = Win8 Debug|Any CPU
		{D8DA0C4D-F972-4546-9068-8EB256F222F7}.Win8 Debug|x64.Build.0 = Win8 Debug|Any CPU
		{D8DA0C4D-F972-4546-9068-8EB256F222F7}.Win8 Debug|x86.ActiveCfg = Win8 Debug|Any CPU
		{D8DA0C4D-F972-4546-9068-8EB256F222F7}.Win8 Debug|x86.Build.0 = Win8 Debug|Any CPU
		{D8DA0C4D-F972-4546-9068-8EB256F222F7}.Win8 Release|Any CPU.ActiveCfg = Win8 Release|Any CPU
		{D8DA0C4D-F972-4546-9068-8EB256F222F7}.Win8 Release|Any CPU.Build.0 = Win8 Release|Any CPU
		{D8DA0C4D-F972-4546-9068-8EB256F222F7}.Win8 Release|ARM64.ActiveCfg = Win8 Release|Any CPU
		{D8DA0C4D-F972-4546-9068-8EB256F222F7}.Win8 Release|ARM64.Build.0 = Win8 Release|Any CPU
		{D8DA0C4D-F972-4546-9068-8EB256F222F7}.Win8 Release|x64.ActiveCfg = Win8 Release|Any CPU
		{D8DA0C4D-F972-4546-9068-8EB256F222F7}.Win8 Release|x64.Build.0 = Win8 Release|Any CPU
		{D8DA0C4D-F972-4546-9068-8EB256F222F7}.Win8 Release|x86.ActiveCfg = Win8 Release|Any CPU
		{D8DA0C4D-F972-4546-9068-8EB256F222F7}.Win8 Release|x86.Build.0 = Win8 Release|Any CPU
		{D8DA0C4D-F972-4546-9068-8EB256F222F7}.Win8.1 Debug|Any CPU.ActiveCfg = Win8.1 Debug|Any CPU
		{D8DA0C4D-F972-4546-9068-8EB256F222F7}.Win8.1 Debug|Any CPU.Build.0 = Win8.1 Debug|Any CPU
		{D8DA0C4D-F972-4546-9068-8EB256F222F7}.Win8.1 Debug|ARM64.ActiveCfg = Win8.1 Debug|Any CPU
		{D8DA0C4D-F972-4546-9068-8EB256F222F7}.Win8.1 Debug|ARM64.Build.0 = Win8.1 Debug|Any CPU
		{D8DA0C4D-F972-4546-9068-8EB256F222F7}.Win8.1 Debug|x64.ActiveCfg = Win8.1 Debug|Any CPU
		{D8DA0C4D-F972-4546-9068-8EB256F222F7}.Win8.1 Debug|x64.Build.0 = Win8.1 Debug|Any CPU
		{D8DA0C4D-F972-4546-9068-8EB256F222F7}.Win8.1 Debug|x86.ActiveCfg = Win8.1 Debug|Any CPU
		{D8DA0C4D-F972-4546-9068-8EB256F222F7}.Win8.1 Debug|x86.Build.0 = Win8.1 Debug|Any CPU
		{D8DA0C4D-F972-4546-9068-8EB256F222F7}.Win8.1 Release|Any CPU.ActiveCfg = Win8.1 Release|Any CPU
		{D8DA0C4D-F972-4546-9068-8EB256F222F7}.Win8.1 Release|Any CPU.Build.0 = Win8.1 Release|Any CPU
		{D8DA0C4D-F972-4546-9068-8EB256F222F7}.Win8.1 Release|ARM64.ActiveCfg = Win8.1 Release|Any CPU
		{D8DA0C4D-F972-4546-9068-8EB256F222F7}.Win8.1 Release|ARM64.Build.0 = Win8.1 Release|Any CPU
		{D8DA0C4D-F972-4546-9068-8EB256F222F7}.Win8.1 Release|x64.ActiveCfg = Win8.1 Release|Any CPU
		{D8DA0C4D-F972-4546-9068-8EB256F222F7}.Win8.1 Release|x64.Build.0 = Win8.1 Release|Any CPU
		{D8DA0C4D-F972-4546-9068-8EB256F222F7}.Win8.1 Release|x86.ActiveCfg = Win8.1 Release|Any CPU
		{D8DA0C4D-F972-4546-9068-8EB256F222F7}.Win8.1 Release|x86.Build.0 = Win8.1 Release|Any CPU
		{CF554A99-6889-4B86-934F-B6AADBFEFC01}.Debug|Any CPU.ActiveCfg = Win8 Debug|x86
		{CF554A99-6889-4B86-934F-B6AADBFEFC01}.Debug|Any CPU.Build.0 = Win8 Debug|x86
		{CF554A99-6889-4B86-934F-B6AADBFEFC01}.Debug|ARM64.ActiveCfg = Win8 Debug|ARM64
		{CF554A99-6889-4B86-934F-B6AADBFEFC01}.Debug|ARM64.Build.0 = Win8 Debug|ARM64
		{CF554A99-6889-4B86-934F-B6AADBFEFC01}.Debug|x64.ActiveCfg = Win8 Debug|x64
		{CF554A99-6889-4B86-934F-B6AADBFEFC01}.Debug|x64.Build.0 = Win8 Debug|x64
		{CF554A99-6889-4B86-934F-B6AADBFEFC01}.Debug|x86.ActiveCfg = Win8 Debug|x86
		{CF554A99-6889-4B86-934F-B6AADBFEFC01}.Debug|x86.Build.0 = Win8 Debug|x86
		{CF554A99-6889-4B86-934F-B6AADBFEFC01}.Release|Any CPU.ActiveCfg = Win8 Debug|x86
		{CF554A99-6889-4B86-934F-B6AADBFEFC01}.Release|Any CPU.Build.0 = Win8 Debug|x86
		{CF554A99-6889-4B86-934F-B6AADBFEFC01}.Release|ARM64.ActiveCfg = Win8 Release|ARM64
		{CF554A99-6889-4B86-934F-B6AADBFEFC01}.Release|ARM64.Build.0 = Win8 Release|ARM64
		{CF554A99-6889-4B86-934F-B6AADBFEFC01}.Release|x64.ActiveCfg = Win8 Release|x64
		{CF554A99-6889-4B86-934F-B6AADBFEFC01}.Release|x64.Build.0 = Win8 Release|x64
		{CF554A99-6889-4B86-934F-B6AADBFEFC01}.Release|x86.ActiveCfg = Win8 Release|x86
		{CF554A99-6889-4B86-934F-B6AADBFEFC01}.Release|x86.Build.0 = Win8 Release|x86
		{CF554A99-6889-4B86-934F-B6AADBFEFC01}.Win10 Debug|Any CPU.ActiveCfg = Win10 Debug|x86
		{CF554A99-6889-4B86-934F-B6AADBFEFC01}.Win10 Debug|ARM64.ActiveCfg = Win10 Debug|ARM64
		{CF554A99-6889-4B86-934F-B6AADBFEFC01}.Win10 Debug|ARM64.Build.0 = Win10 Debug|ARM64
		{CF554A99-6889-4B86-934F-B6AADBFEFC01}.Win10 Debug|x64.ActiveCfg = Win10 Debug|x64
		{CF554A99-6889-4B86-934F-B6AADBFEFC01}.Win10 Debug|x64.Build.0 = Win10 Debug|x64
		{CF554A99-6889-4B86-934F-B6AADBFEFC01}.Win10 Debug|x86.ActiveCfg = Win10 Debug|x86
		{CF554A99-6889-4B86-934F-B6AADBFEFC01}.Win10 Debug|x86.Build.0 = Win10 Debug|x86
		{CF554A99-6889-4B86-934F-B6AADBFEFC01}.Win10 Release|Any CPU.ActiveCfg = Win10 Release|x86
		{CF554A99-6889-4B86-934F-B6AADBFEFC01}.Win10 Release|ARM64.ActiveCfg = Win10 Release|ARM64
		{CF554A99-6889-4B86-934F-B6AADBFEFC01}.Win10 Release|ARM64.Build.0 = Win10 Release|ARM64
		{CF554A99-6889-4B86-934F-B6AADBFEFC01}.Win10 Release|x64.ActiveCfg = Win10 Release|x64
		{CF554A99-6889-4B86-934F-B6AADBFEFC01}.Win10 Release|x64.Build.0 = Win10 Release|x64
		{CF554A99-6889-4B86-934F-B6AADBFEFC01}.Win10 Release|x86.ActiveCfg = Win10 Release|x86
		{CF554A99-6889-4B86-934F-B6AADBFEFC01}.Win10 Release|x86.Build.0 = Win10 Release|x86
		{CF554A99-6889-4B86-934F-B6AADBFEFC01}.Win8 Debug|Any CPU.ActiveCfg = Win8 Debug|x86
		{CF554A99-6889-4B86-934F-B6AADBFEFC01}.Win8 Debug|ARM64.ActiveCfg = Win8 Debug|ARM64
		{CF554A99-6889-4B86-934F-B6AADBFEFC01}.Win8 Debug|ARM64.Build.0 = Win8 Debug|ARM64
		{CF554A99-6889-4B86-934F-B6AADBFEFC01}.Win8 Debug|x64.ActiveCfg = Win8 Debug|x64
		{CF554A99-6889-4B86-934F-B6AADBFEFC01}.Win8 Debug|x64.Build.0 = Win8 Debug|x64
		{CF554A99-6889-4B86-934F-B6AADBFEFC01}.Win8 Debug|x86.ActiveCfg = Win8 Debug|x86
		{CF554A99-6889-4B86-934F-B6AADBFEFC01}.Win8 Debug|x86.Build.0 = Win8 Debug|x86
		{CF554A99-6889-4B86-934F-B6AADBFEFC01}.Win8 Release|Any CPU.ActiveCfg = Win8 Release|x86
		{CF554A99-6889-4B86-934F-B6AADBFEFC01}.Win8 Release|ARM64.ActiveCfg = Win8 Release|ARM64
		{CF554A99-6889-4B86-934F-B6AADBFEFC01}.Win8 Release|ARM64.Build.0 = Win8 Release|ARM64
		{CF554A99-6889-4B86-934F-B6AADBFEFC01}.Win8 Release|x64.ActiveCfg = Win8 Release|x64
		{CF554A99-6889-4B86-934F-B6AADBFEFC01}.Win8 Release|x64.Build.0 = Win8 Release|x64
		{CF554A99-6889-4B86-934F-B6AADBFEFC01}.Win8 Release|x86.ActiveCfg = Win8 Release|x86
		{CF554A99-6889-4B86-934F-B6AADBFEFC01}.Win8 Release|x86.Build.0 = Win8 Release|x86
		{CF554A99-6889-4B86-934F-B6AADBFEFC01}.Win8.1 Debug|Any CPU.ActiveCfg = Win8.1 Debug|x86
		{CF554A99-6889-4B86-934F-B6AADBFEFC01}.Win8.1 Debug|ARM64.ActiveCfg = Win8.1 Debug|ARM64
		{CF554A99-6889-4B86-934F-B6AADBFEFC01}.Win8.1 Debug|ARM64.Build.0 = Win8.1 Debug|ARM64
		{CF554A99-6889-4B86-934F-B6AADBFEFC01}.Win8.1 Debug|x64.ActiveCfg = Win8.1 Debug|x64
		{CF554A99-6889-4B86-934F-B6AADBFEFC01}.Win8.1 Debug|x64.Build.0 = Win8.1 Debug|x64
		{CF554A99-6889-4B86-934F-B6AADBFEFC01}.Win8.1 Debug|x86.ActiveCfg = Win8.1 Debug|x86
		{CF554A99-6889-4B86-934F-B6AADBFEFC01}.Win8.1 Debug|x86.Build.0 = Win8.1 Debug|x86
		{CF554A99-6889-4B86-934F-B6AADBFEFC01}.Win8.1 Release|Any CPU.ActiveCfg = Win8.1 Release|x86
		{CF554A99-6889-4B86-934F-B6AADBFEFC01}.Win8.1 Release|ARM64.ActiveCfg = Win8.1 Release|ARM64
		{CF554A99-6889-4B86-934F-B6AADBFEFC01}.Win8.1 Release|ARM64.Build.0 = Win8.1 Release|ARM64
		{CF554A99-6889-4B86-934F-B6AADBFEFC01}.Win8.1 Release|x64.ActiveCfg = Win8.1 Release|x64
		{CF554A99-6889-4B86-934F-B6AADBFEFC01}.Win8.1 Release|x64.Build.0 = Win8.1 Release|x64
		{CF554A99-6889-4B86-934F-B6AADBFEFC01}.Win8.1 Release|x86.ActiveCfg = Win8.1 Release|x86
		{CF554A99-6889-4B86-934F-B6AADBFEFC01}.Win8.1 Release|x86.Build.0 = Win8.1 Release|x86
	EndGlobalSection
	GlobalSection(SolutionProperties) = preSolution
		HideSolutionNode = FALSE
	EndGlobalSection
	GlobalSection(ExtensibilityGlobals) = postSolution
		SolutionGuid = {F8C5770F-48BF-430D-A5E4-53B39A4D1C58}
	EndGlobalSection
EndGlobal
